
Microsoft Visual Studio Solution File, Format Version 11.00
# Visual Studio 2010
Project("{FAE04EC0-301F-11D3-BF4B-00C04F79EFBC}") = "Assembly-CSharp", "Assembly-CSharp.csproj", "{2553AA82-BA9C-DF64-FC43-AED5E65DE9F5}"
EndProject
Global
	GlobalSection(SolutionConfigurationPlatforms) = preSolution
		Debug|Any CPU = Debug|Any CPU
		Release|Any CPU = Release|Any CPU
	EndGlobalSection
	GlobalSection(ProjectConfigurationPlatforms) = postSolution
		{2553AA82-BA9C-DF64-FC43-AED5E65DE9F5}.Debug|Any CPU.ActiveCfg = Debug|Any CPU
		{2553AA82-BA9C-DF64-FC43-AED5E65DE9F5}.Debug|Any CPU.Build.0 = Debug|Any CPU
		{2553AA82-BA9C-DF64-FC43-AED5E65DE9F5}.Release|Any CPU.ActiveCfg = Release|Any CPU
		{2553AA82-BA9C-DF64-FC43-AED5E65DE9F5}.Release|Any CPU.Build.0 = Release|Any CPU
	EndGlobalSection
EndGlobal
